
Microsoft Visual Studio Solution File, Format Version 12.00
# Visual Studio 15
VisualStudioVersion = 15.0.27004.2009
MinimumVisualStudioVersion = 10.0.40219.1
Project("{F2A71F9B-5D33-465A-A702-920D77279786}") = "Katas", "Katas\Katas.fsproj", "{F6CA3763-D57E-42B8-A93F-D1912F5FFEB1}"
EndProject
Project("{F2A71F9B-5D33-465A-A702-920D77279786}") = "Katas.Tests", "Katas.Tests\Katas.Tests.fsproj", "{8FCD8072-FB05-4316-96AB-B11BDF75E275}"
EndProject
Global
	GlobalSection(SolutionConfigurationPlatforms) = preSolution
		Debug|Any CPU = Debug|Any CPU
		Release|Any CPU = Release|Any CPU
	EndGlobalSection
	GlobalSection(ProjectConfigurationPlatforms) = postSolution
		{F6CA3763-D57E-42B8-A93F-D1912F5FFEB1}.Debug|Any CPU.ActiveCfg = Debug|Any CPU
		{F6CA3763-D57E-42B8-A93F-D1912F5FFEB1}.Debug|Any CPU.Build.0 = Debug|Any CPU
		{F6CA3763-D57E-42B8-A93F-D1912F5FFEB1}.Release|Any CPU.ActiveCfg = Release|Any CPU
		{F6CA3763-D57E-42B8-A93F-D1912F5FFEB1}.Release|Any CPU.Build.0 = Release|Any CPU
		{8FCD8072-FB05-4316-96AB-B11BDF75E275}.Debug|Any CPU.ActiveCfg = Debug|Any CPU
		{8FCD8072-FB05-4316-96AB-B11BDF75E275}.Debug|Any CPU.Build.0 = Debug|Any CPU
		{8FCD8072-FB05-4316-96AB-B11BDF75E275}.Release|Any CPU.ActiveCfg = Release|Any CPU
		{8FCD8072-FB05-4316-96AB-B11BDF75E275}.Release|Any CPU.Build.0 = Release|Any CPU
	EndGlobalSection
	GlobalSection(SolutionProperties) = preSolution
		HideSolutionNode = FALSE
	EndGlobalSection
	GlobalSection(ExtensibilityGlobals) = postSolution
		SolutionGuid = {59D68749-478F-446E-9C80-622A1EFFB926}
	EndGlobalSection
EndGlobal
